
Microsoft Visual Studio Solution File, Format Version 12.00
# Visual Studio Version 17
VisualStudioVersion = 17.13.35931.197
MinimumVisualStudioVersion = 10.0.40219.1
Project("{8BC9CEB8-8B4A-11D0-8D11-00A0C91BC942}") = "ibm_pc", "ibm_pc.vcxproj", "{90EE775F-3D73-4D5B-9AFA-8045A6812C2F}"
EndProject
Global
	GlobalSection(SolutionConfigurationPlatforms) = preSolution
		Debug|x64 = Debug|x64
		Debug|x86 = Debug|x86
		Release|x64 = Release|x64
		Release|x86 = Release|x86
	EndGlobalSection
	GlobalSection(ProjectConfigurationPlatforms) = postSolution
		{90EE775F-3D73-4D5B-9AFA-8045A6812C2F}.Debug|x64.ActiveCfg = Debug|x64
		{90EE775F-3D73-4D5B-9AFA-8045A6812C2F}.Debug|x64.Build.0 = Debug|x64
		{90EE775F-3D73-4D5B-9AFA-8045A6812C2F}.Debug|x86.ActiveCfg = Debug|Win32
		{90EE775F-3D73-4D5B-9AFA-8045A6812C2F}.Debug|x86.Build.0 = Debug|Win32
		{90EE775F-3D73-4D5B-9AFA-8045A6812C2F}.Release|x64.ActiveCfg = Release|x64
		{90EE775F-3D73-4D5B-9AFA-8045A6812C2F}.Release|x64.Build.0 = Release|x64
		{90EE775F-3D73-4D5B-9AFA-8045A6812C2F}.Release|x86.ActiveCfg = Release|Win32
		{90EE775F-3D73-4D5B-9AFA-8045A6812C2F}.Release|x86.Build.0 = Release|Win32
	EndGlobalSection
	GlobalSection(SolutionProperties) = preSolution
		HideSolutionNode = FALSE
	EndGlobalSection
	GlobalSection(ExtensibilityGlobals) = postSolution
		SolutionGuid = {3D5358D7-4021-45A0-8568-3C66C4D431CE}
	EndGlobalSection
EndGlobal
